// !$*UTF8*$!
{
	archiveVersion = 1;
	classes = {
	};
	objectVersion = 77;
	objects = {

/* Begin PBXBuildFile section */
		4173887C2ECEAB6C0080A934 /* Messages.framework in Frameworks */ = {isa = PBXBuildFile; fileRef = 4173887B2ECEAB6C0080A934 /* Messages.framework */; };
		417388882ECEAB6D0080A934 /* cipherMessageExtension.appex in Embed Foundation Extensions */ = {isa = PBXBuildFile; fileRef = 417388792ECEAB6C0080A934 /* cipherMessageExtension.appex */; settings = {ATTRIBUTES = (RemoveHeadersOnCopy, ); }; };
/* End PBXBuildFile section */

/* Begin PBXContainerItemProxy section */
		417388592ECEAACE0080A934 /* PBXContainerItemProxy */ = {
			isa = PBXContainerItemProxy;
			containerPortal = 417388432ECEAACD0080A934 /* Project object */;
			proxyType = 1;
			remoteGlobalIDString = 4173884A2ECEAACD0080A934;
			remoteInfo = cipher;
		};
		417388632ECEAACE0080A934 /* PBXContainerItemProxy */ = {
			isa = PBXContainerItemProxy;
			containerPortal = 417388432ECEAACD0080A934 /* Project object */;
			proxyType = 1;
			remoteGlobalIDString = 4173884A2ECEAACD0080A934;
			remoteInfo = cipher;
		};
		417388862ECEAB6D0080A934 /* PBXContainerItemProxy */ = {
			isa = PBXContainerItemProxy;
			containerPortal = 417388432ECEAACD0080A934 /* Project object */;
			proxyType = 1;
			remoteGlobalIDString = 417388782ECEAB6C0080A934;
			remoteInfo = cipherMessageExtension;
		};
/* End PBXContainerItemProxy section */

/* Begin PBXCopyFilesBuildPhase section */
		4173888D2ECEAB6D0080A934 /* Embed Foundation Extensions */ = {
			isa = PBXCopyFilesBuildPhase;
			buildActionMask = 2147483647;
			dstPath = "";
			dstSubfolderSpec = 13;
			files = (
				417388882ECEAB6D0080A934 /* cipherMessageExtension.appex in Embed Foundation Extensions */,
			);
			name = "Embed Foundation Extensions";
			runOnlyForDeploymentPostprocessing = 0;
		};
/* End PBXCopyFilesBuildPhase section */

/* Begin PBXFileReference section */
		4173884B2ECEAACD0080A934 /* cipher.app */ = {isa = PBXFileReference; explicitFileType = wrapper.application; includeInIndex = 0; path = cipher.app; sourceTree = BUILT_PRODUCTS_DIR; };
		417388582ECEAACE0080A934 /* cipherTests.xctest */ = {isa = PBXFileReference; explicitFileType = wrapper.cfbundle; includeInIndex = 0; path = cipherTests.xctest; sourceTree = BUILT_PRODUCTS_DIR; };
		417388622ECEAACE0080A934 /* cipherUITests.xctest */ = {isa = PBXFileReference; explicitFileType = wrapper.cfbundle; includeInIndex = 0; path = cipherUITests.xctest; sourceTree = BUILT_PRODUCTS_DIR; };
		417388792ECEAB6C0080A934 /* cipherMessageExtension.appex */ = {isa = PBXFileReference; explicitFileType = "wrapper.app-extension"; includeInIndex = 0; path = cipherMessageExtension.appex; sourceTree = BUILT_PRODUCTS_DIR; };
		4173887B2ECEAB6C0080A934 /* Messages.framework */ = {isa = PBXFileReference; lastKnownFileType = wrapper.framework; name = Messages.framework; path = System/Library/Frameworks/Messages.framework; sourceTree = SDKROOT; };
/* End PBXFileReference section */

/* Begin PBXFileSystemSynchronizedBuildFileExceptionSet section */
		417388892ECEAB6D0080A934 /* Exceptions for "cipherMessageExtension" folder in "cipherMessageExtension" target */ = {
			isa = PBXFileSystemSynchronizedBuildFileExceptionSet;
			membershipExceptions = (
				Info.plist,
			);
			target = 417388782ECEAB6C0080A934 /* cipherMessageExtension */;
		};
		4185CC482ED67B730023218F /* Exceptions for "cipher" folder in "cipherMessageExtension" target */ = {
			isa = PBXFileSystemSynchronizedBuildFileExceptionSet;
			membershipExceptions = (
				crackers/AtbashCracker.swift,
				crackers/ceasarCracker.swift,
				crackers/englishLike.swift,
				crackers/playfairCracker.swift,
				crackers/RailFenceCracker.swift,
				crackers/reverseCracker.swift,
				crackers/vigenereCracker.swift,
				encoders/aes256Encode.swift,
				encoders/AtbashEncode.swift,
				encoders/ceasarEncode.swift,
				encoders/playfairEncode.swift,
				encoders/railfenceEncode.swift,
				encoders/reverseEncode.swift,
				encoders/vigenereEncode.swift,
			);
			target = 417388782ECEAB6C0080A934 /* cipherMessageExtension */;
		};
/* End PBXFileSystemSynchronizedBuildFileExceptionSet section */

/* Begin PBXFileSystemSynchronizedRootGroup section */
		4173884D2ECEAACD0080A934 /* cipher */ = {
			isa = PBXFileSystemSynchronizedRootGroup;
			exceptions = (
				4185CC482ED67B730023218F /* Exceptions for "cipher" folder in "cipherMessageExtension" target */,
			);
			path = cipher;
			sourceTree = "<group>";
		};
		4173885B2ECEAACE0080A934 /* cipherTests */ = {
			isa = PBXFileSystemSynchronizedRootGroup;
			path = cipherTests;
			sourceTree = "<group>";
		};
		417388652ECEAACE0080A934 /* cipherUITests */ = {
			isa = PBXFileSystemSynchronizedRootGroup;
			path = cipherUITests;
			sourceTree = "<group>";
		};
		4173887D2ECEAB6C0080A934 /* cipherMessageExtension */ = {
			isa = PBXFileSystemSynchronizedRootGroup;
			exceptions = (
				417388892ECEAB6D0080A934 /* Exceptions for "cipherMessageExtension" folder in "cipherMessageExtension" target */,
			);
			path = cipherMessageExtension;
			sourceTree = "<group>";
		};
/* End PBXFileSystemSynchronizedRootGroup section */

/* Begin PBXFrameworksBuildPhase section */
		417388482ECEAACD0080A934 /* Frameworks */ = {
			isa = PBXFrameworksBuildPhase;
			buildActionMask = 2147483647;
			files = (
			);
			runOnlyForDeploymentPostprocessing = 0;
		};
		417388552ECEAACE0080A934 /* Frameworks */ = {
			isa = PBXFrameworksBuildPhase;
			buildActionMask = 2147483647;
			files = (
			);
			runOnlyForDeploymentPostprocessing = 0;
		};
		4173885F2ECEAACE0080A934 /* Frameworks */ = {
			isa = PBXFrameworksBuildPhase;
			buildActionMask = 2147483647;
			files = (
			);
			runOnlyForDeploymentPostprocessing = 0;
		};
		417388762ECEAB6C0080A934 /* Frameworks */ = {
			isa = PBXFrameworksBuildPhase;
			buildActionMask = 2147483647;
			files = (
				4173887C2ECEAB6C0080A934 /* Messages.framework in Frameworks */,
			);
			runOnlyForDeploymentPostprocessing = 0;
		};
/* End PBXFrameworksBuildPhase section */

/* Begin PBXGroup section */
		417388422ECEAACD0080A934 = {
			isa = PBXGroup;
			children = (
				4173884D2ECEAACD0080A934 /* cipher */,
				4173885B2ECEAACE0080A934 /* cipherTests */,
				417388652ECEAACE0080A934 /* cipherUITests */,
				4173887D2ECEAB6C0080A934 /* cipherMessageExtension */,
				4173887A2ECEAB6C0080A934 /* Frameworks */,
				4173884C2ECEAACD0080A934 /* Products */,
			);
			sourceTree = "<group>";
		};
		4173884C2ECEAACD0080A934 /* Products */ = {
			isa = PBXGroup;
			children = (
				4173884B2ECEAACD0080A934 /* cipher.app */,
				417388582ECEAACE0080A934 /* cipherTests.xctest */,
				417388622ECEAACE0080A934 /* cipherUITests.xctest */,
				417388792ECEAB6C0080A934 /* cipherMessageExtension.appex */,
			);
			name = Products;
			sourceTree = "<group>";
		};
		4173887A2ECEAB6C0080A934 /* Frameworks */ = {
			isa = PBXGroup;
			children = (
				4173887B2ECEAB6C0080A934 /* Messages.framework */,
			);
			name = Frameworks;
			sourceTree = "<group>";
		};
/* End PBXGroup section */

/* Begin PBXNativeTarget section */
		4173884A2ECEAACD0080A934 /* cipher */ = {
			isa = PBXNativeTarget;
			buildConfigurationList = 4173886C2ECEAACE0080A934 /* Build configuration list for PBXNativeTarget "cipher" */;
			buildPhases = (
				417388472ECEAACD0080A934 /* Sources */,
				417388482ECEAACD0080A934 /* Frameworks */,
				417388492ECEAACD0080A934 /* Resources */,
				4173888D2ECEAB6D0080A934 /* Embed Foundation Extensions */,
			);
			buildRules = (
			);
			dependencies = (
				417388872ECEAB6D0080A934 /* PBXTargetDependency */,
			);
			fileSystemSynchronizedGroups = (
				4173884D2ECEAACD0080A934 /* cipher */,
			);
			name = cipher;
			packageProductDependencies = (
			);
			productName = cipher;
			productReference = 4173884B2ECEAACD0080A934 /* cipher.app */;
			productType = "com.apple.product-type.application";
		};
		417388572ECEAACE0080A934 /* cipherTests */ = {
			isa = PBXNativeTarget;
			buildConfigurationList = 4173886F2ECEAACE0080A934 /* Build configuration list for PBXNativeTarget "cipherTests" */;
			buildPhases = (
				417388542ECEAACE0080A934 /* Sources */,
				417388552ECEAACE0080A934 /* Frameworks */,
				417388562ECEAACE0080A934 /* Resources */,
			);
			buildRules = (
			);
			dependencies = (
				4173885A2ECEAACE0080A934 /* PBXTargetDependency */,
			);
			fileSystemSynchronizedGroups = (
				4173885B2ECEAACE0080A934 /* cipherTests */,
			);
			name = cipherTests;
			packageProductDependencies = (
			);
			productName = cipherTests;
			productReference = 417388582ECEAACE0080A934 /* cipherTests.xctest */;
			productType = "com.apple.product-type.bundle.unit-test";
		};
		417388612ECEAACE0080A934 /* cipherUITests */ = {
			isa = PBXNativeTarget;
			buildConfigurationList = 417388722ECEAACE0080A934 /* Build configuration list for PBXNativeTarget "cipherUITests" */;
			buildPhases = (
				4173885E2ECEAACE0080A934 /* Sources */,
				4173885F2ECEAACE0080A934 /* Frameworks */,
				417388602ECEAACE0080A934 /* Resources */,
			);
			buildRules = (
			);
			dependencies = (
				417388642ECEAACE0080A934 /* PBXTargetDependency */,
			);
			fileSystemSynchronizedGroups = (
				417388652ECEAACE0080A934 /* cipherUITests */,
			);
			name = cipherUITests;
			packageProductDependencies = (
			);
			productName = cipherUITests;
			productReference = 417388622ECEAACE0080A934 /* cipherUITests.xctest */;
			productType = "com.apple.product-type.bundle.ui-testing";
		};
		417388782ECEAB6C0080A934 /* cipherMessageExtension */ = {
			isa = PBXNativeTarget;
			buildConfigurationList = 4173888A2ECEAB6D0080A934 /* Build configuration list for PBXNativeTarget "cipherMessageExtension" */;
			buildPhases = (
				417388752ECEAB6C0080A934 /* Sources */,
				417388762ECEAB6C0080A934 /* Frameworks */,
				417388772ECEAB6C0080A934 /* Resources */,
			);
			buildRules = (
			);
			dependencies = (
			);
			fileSystemSynchronizedGroups = (
				4173887D2ECEAB6C0080A934 /* cipherMessageExtension */,
			);
			name = cipherMessageExtension;
			packageProductDependencies = (
			);
			productName = cipherMessageExtension;
			productReference = 417388792ECEAB6C0080A934 /* cipherMessageExtension.appex */;
			productType = "com.apple.product-type.app-extension.messages";
		};
/* End PBXNativeTarget section */

/* Begin PBXProject section */
		417388432ECEAACD0080A934 /* Project object */ = {
			isa = PBXProject;
			attributes = {
				BuildIndependentTargetsInParallel = 1;
				LastSwiftUpdateCheck = 2600;
				LastUpgradeCheck = 2600;
				TargetAttributes = {
					4173884A2ECEAACD0080A934 = {
						CreatedOnToolsVersion = 26.0.1;
					};
					417388572ECEAACE0080A934 = {
						CreatedOnToolsVersion = 26.0.1;
						TestTargetID = 4173884A2ECEAACD0080A934;
					};
					417388612ECEAACE0080A934 = {
						CreatedOnToolsVersion = 26.0.1;
						TestTargetID = 4173884A2ECEAACD0080A934;
					};
					417388782ECEAB6C0080A934 = {
						CreatedOnToolsVersion = 26.0.1;
					};
				};
			};
			buildConfigurationList = 417388462ECEAACD0080A934 /* Build configuration list for PBXProject "cipher" */;
			developmentRegion = en;
			hasScannedForEncodings = 0;
			knownRegions = (
				en,
				Base,
			);
			mainGroup = 417388422ECEAACD0080A934;
			minimizedProjectReferenceProxies = 1;
			preferredProjectObjectVersion = 77;
			productRefGroup = 4173884C2ECEAACD0080A934 /* Products */;
			projectDirPath = "";
			projectRoot = "";
			targets = (
				4173884A2ECEAACD0080A934 /* cipher */,
				417388572ECEAACE0080A934 /* cipherTests */,
				417388612ECEAACE0080A934 /* cipherUITests */,
				417388782ECEAB6C0080A934 /* cipherMessageExtension */,
			);
		};
/* End PBXProject section */

/* Begin PBXResourcesBuildPhase section */
		417388492ECEAACD0080A934 /* Resources */ = {
			isa = PBXResourcesBuildPhase;
			buildActionMask = 2147483647;
			files = (
			);
			runOnlyForDeploymentPostprocessing = 0;
		};
		417388562ECEAACE0080A934 /* Resources */ = {
			isa = PBXResourcesBuildPhase;
			buildActionMask = 2147483647;
			files = (
			);
			runOnlyForDeploymentPostprocessing = 0;
		};
		417388602ECEAACE0080A934 /* Resources */ = {
			isa = PBXResourcesBuildPhase;
			buildActionMask = 2147483647;
			files = (
			);
			runOnlyForDeploymentPostprocessing = 0;
		};
		417388772ECEAB6C0080A934 /* Resources */ = {
			isa = PBXResourcesBuildPhase;
			buildActionMask = 2147483647;
			files = (
			);
			runOnlyForDeploymentPostprocessing = 0;
		};
/* End PBXResourcesBuildPhase section */

/* Begin PBXSourcesBuildPhase section */
		417388472ECEAACD0080A934 /* Sources */ = {
			isa = PBXSourcesBuildPhase;
			buildActionMask = 2147483647;
			files = (
			);
			runOnlyForDeploymentPostprocessing = 0;
		};
		417388542ECEAACE0080A934 /* Sources */ = {
			isa = PBXSourcesBuildPhase;
			buildActionMask = 2147483647;
			files = (
			);
			runOnlyForDeploymentPostprocessing = 0;
		};
		4173885E2ECEAACE0080A934 /* Sources */ = {
			isa = PBXSourcesBuildPhase;
			buildActionMask = 2147483647;
			files = (
			);
			runOnlyForDeploymentPostprocessing = 0;
		};
		417388752ECEAB6C0080A934 /* Sources */ = {
			isa = PBXSourcesBuildPhase;
			buildActionMask = 2147483647;
			files = (
			);
			runOnlyForDeploymentPostprocessing = 0;
		};
/* End PBXSourcesBuildPhase section */

/* Begin PBXTargetDependency section */
		4173885A2ECEAACE0080A934 /* PBXTargetDependency */ = {
			isa = PBXTargetDependency;
			target = 4173884A2ECEAACD0080A934 /* cipher */;
			targetProxy = 417388592ECEAACE0080A934 /* PBXContainerItemProxy */;
		};
		417388642ECEAACE0080A934 /* PBXTargetDependency */ = {
			isa = PBXTargetDependency;
			target = 4173884A2ECEAACD0080A934 /* cipher */;
			targetProxy = 417388632ECEAACE0080A934 /* PBXContainerItemProxy */;
		};
		417388872ECEAB6D0080A934 /* PBXTargetDependency */ = {
			isa = PBXTargetDependency;
			target = 417388782ECEAB6C0080A934 /* cipherMessageExtension */;
			targetProxy = 417388862ECEAB6D0080A934 /* PBXContainerItemProxy */;
		};
/* End PBXTargetDependency section */

/* Begin XCBuildConfiguration section */
		4173886A2ECEAACE0080A934 /* Debug */ = {
			isa = XCBuildConfiguration;
			buildSettings = {
				ALWAYS_SEARCH_USER_PATHS = NO;
				ASSETCATALOG_COMPILER_GENERATE_SWIFT_ASSET_SYMBOL_EXTENSIONS = YES;
				CLANG_ANALYZER_NONNULL = YES;
				CLANG_ANALYZER_NUMBER_OBJECT_CONVERSION = YES_AGGRESSIVE;
				CLANG_CXX_LANGUAGE_STANDARD = "gnu++20";
				CLANG_ENABLE_MODULES = YES;
				CLANG_ENABLE_OBJC_ARC = YES;
				CLANG_ENABLE_OBJC_WEAK = YES;
				CLANG_WARN_BLOCK_CAPTURE_AUTORELEASING = YES;
				CLANG_WARN_BOOL_CONVERSION = YES;
				CLANG_WARN_COMMA = YES;
				CLANG_WARN_CONSTANT_CONVERSION = YES;
				CLANG_WARN_DEPRECATED_OBJC_IMPLEMENTATIONS = YES;
				CLANG_WARN_DIRECT_OBJC_ISA_USAGE = YES_ERROR;
				CLANG_WARN_DOCUMENTATION_COMMENTS = YES;
				CLANG_WARN_EMPTY_BODY = YES;
				CLANG_WARN_ENUM_CONVERSION = YES;
				CLANG_WARN_INFINITE_RECURSION = YES;
				CLANG_WARN_INT_CONVERSION = YES;
				CLANG_WARN_NON_LITERAL_NULL_CONVERSION = YES;
				CLANG_WARN_OBJC_IMPLICIT_RETAIN_SELF = YES;
				CLANG_WARN_OBJC_LITERAL_CONVERSION = YES;
				CLANG_WARN_OBJC_ROOT_CLASS = YES_ERROR;
				CLANG_WARN_QUOTED_INCLUDE_IN_FRAMEWORK_HEADER = YES;
				CLANG_WARN_RANGE_LOOP_ANALYSIS = YES;
				CLANG_WARN_STRICT_PROTOTYPES = YES;
				CLANG_WARN_SUSPICIOUS_MOVE = YES;
				CLANG_WARN_UNGUARDED_AVAILABILITY = YES_AGGRESSIVE;
				CLANG_WARN_UNREACHABLE_CODE = YES;
				CLANG_WARN__DUPLICATE_METHOD_MATCH = YES;
				COPY_PHASE_STRIP = NO;
				DEBUG_INFORMATION_FORMAT = dwarf;
				DEVELOPMENT_TEAM = US89XUAS2K;
				ENABLE_STRICT_OBJC_MSGSEND = YES;
				ENABLE_TESTABILITY = YES;
				ENABLE_USER_SCRIPT_SANDBOXING = YES;
				GCC_C_LANGUAGE_STANDARD = gnu17;
				GCC_DYNAMIC_NO_PIC = NO;
				GCC_NO_COMMON_BLOCKS = YES;
				GCC_OPTIMIZATION_LEVEL = 0;
				GCC_PREPROCESSOR_DEFINITIONS = (
					"DEBUG=1",
					"$(inherited)",
				);
				GCC_WARN_64_TO_32_BIT_CONVERSION = YES;
				GCC_WARN_ABOUT_RETURN_TYPE = YES_ERROR;
				GCC_WARN_UNDECLARED_SELECTOR = YES;
				GCC_WARN_UNINITIALIZED_AUTOS = YES_AGGRESSIVE;
				GCC_WARN_UNUSED_FUNCTION = YES;
				GCC_WARN_UNUSED_VARIABLE = YES;
				IPHONEOS_DEPLOYMENT_TARGET = 26.0;
				LOCALIZATION_PREFERS_STRING_CATALOGS = YES;
				MTL_ENABLE_DEBUG_INFO = INCLUDE_SOURCE;
				MTL_FAST_MATH = YES;
				ONLY_ACTIVE_ARCH = YES;
				SDKROOT = iphoneos;
				SWIFT_ACTIVE_COMPILATION_CONDITIONS = "DEBUG $(inherited)";
				SWIFT_OPTIMIZATION_LEVEL = "-Onone";
			};
			name = Debug;
		};
		4173886B2ECEAACE0080A934 /* Release */ = {
			isa = XCBuildConfiguration;
			buildSettings = {
				ALWAYS_SEARCH_USER_PATHS = NO;
				ASSETCATALOG_COMPILER_GENERATE_SWIFT_ASSET_SYMBOL_EXTENSIONS = YES;
				CLANG_ANALYZER_NONNULL = YES;
				CLANG_ANALYZER_NUMBER_OBJECT_CONVERSION = YES_AGGRESSIVE;
				CLANG_CXX_LANGUAGE_STANDARD = "gnu++20";
				CLANG_ENABLE_MODULES = YES;
				CLANG_ENABLE_OBJC_ARC = YES;
				CLANG_ENABLE_OBJC_WEAK = YES;
				CLANG_WARN_BLOCK_CAPTURE_AUTORELEASING = YES;
				CLANG_WARN_BOOL_CONVERSION = YES;
				CLANG_WARN_COMMA = YES;
				CLANG_WARN_CONSTANT_CONVERSION = YES;
				CLANG_WARN_DEPRECATED_OBJC_IMPLEMENTATIONS = YES;
				CLANG_WARN_DIRECT_OBJC_ISA_USAGE = YES_ERROR;
				CLANG_WARN_DOCUMENTATION_COMMENTS = YES;
				CLANG_WARN_EMPTY_BODY = YES;
				CLANG_WARN_ENUM_CONVERSION = YES;
				CLANG_WARN_INFINITE_RECURSION = YES;
				CLANG_WARN_INT_CONVERSION = YES;
				CLANG_WARN_NON_LITERAL_NULL_CONVERSION = YES;
				CLANG_WARN_OBJC_IMPLICIT_RETAIN_SELF = YES;
				CLANG_WARN_OBJC_LITERAL_CONVERSION = YES;
				CLANG_WARN_OBJC_ROOT_CLASS = YES_ERROR;
				CLANG_WARN_QUOTED_INCLUDE_IN_FRAMEWORK_HEADER = YES;
				CLANG_WARN_RANGE_LOOP_ANALYSIS = YES;
				CLANG_WARN_STRICT_PROTOTYPES = YES;
				CLANG_WARN_SUSPICIOUS_MOVE = YES;
				CLANG_WARN_UNGUARDED_AVAILABILITY = YES_AGGRESSIVE;
				CLANG_WARN_UNREACHABLE_CODE = YES;
				CLANG_WARN__DUPLICATE_METHOD_MATCH = YES;
				COPY_PHASE_STRIP = NO;
				DEBUG_INFORMATION_FORMAT = "dwarf-with-dsym";
				DEVELOPMENT_TEAM = US89XUAS2K;
				ENABLE_NS_ASSERTIONS = NO;
				ENABLE_STRICT_OBJC_MSGSEND = YES;
				ENABLE_USER_SCRIPT_SANDBOXING = YES;
				GCC_C_LANGUAGE_STANDARD = gnu17;
				GCC_NO_COMMON_BLOCKS = YES;
				GCC_WARN_64_TO_32_BIT_CONVERSION = YES;
				GCC_WARN_ABOUT_RETURN_TYPE = YES_ERROR;
				GCC_WARN_UNDECLARED_SELECTOR = YES;
				GCC_WARN_UNINITIALIZED_AUTOS = YES_AGGRESSIVE;
				GCC_WARN_UNUSED_FUNCTION = YES;
				GCC_WARN_UNUSED_VARIABLE = YES;
				IPHONEOS_DEPLOYMENT_TARGET = 26.0;
				LOCALIZATION_PREFERS_STRING_CATALOGS = YES;
				MTL_ENABLE_DEBUG_INFO = NO;
				MTL_FAST_MATH = YES;
				SDKROOT = iphoneos;
				SWIFT_COMPILATION_MODE = wholemodule;
				VALIDATE_PRODUCT = YES;
			};
			name = Release;
		};
		4173886D2ECEAACE0080A934 /* Debug */ = {
			isa = XCBuildConfiguration;
			buildSettings = {
				ASSETCATALOG_COMPILER_APPICON_NAME = AppIcon;
				ASSETCATALOG_COMPILER_GLOBAL_ACCENT_COLOR_NAME = AccentColor;
				CODE_SIGN_STYLE = Automatic;
				CURRENT_PROJECT_VERSION = 1;
				DEVELOPMENT_TEAM = US89XUAS2K;
				ENABLE_PREVIEWS = YES;
				GENERATE_INFOPLIST_FILE = YES;
				INFOPLIST_KEY_UIApplicationSceneManifest_Generation = YES;
				INFOPLIST_KEY_UIApplicationSupportsIndirectInputEvents = YES;
				INFOPLIST_KEY_UILaunchScreen_Generation = YES;
				INFOPLIST_KEY_UISupportedInterfaceOrientations_iPad = "UIInterfaceOrientationPortrait UIInterfaceOrientationPortraitUpsideDown UIInterfaceOrientationLandscapeLeft UIInterfaceOrientationLandscapeRight";
				INFOPLIST_KEY_UISupportedInterfaceOrientations_iPhone = "UIInterfaceOrientationPortrait UIInterfaceOrientationLandscapeLeft UIInterfaceOrientationLandscapeRight";
				LD_RUNPATH_SEARCH_PATHS = (
					"$(inherited)",
					"@executable_path/Frameworks",
				);
				MARKETING_VERSION = 1.0;
				PRODUCT_BUNDLE_IDENTIFIER = cipherApp.cipher;
				PRODUCT_NAME = "$(TARGET_NAME)";
				STRING_CATALOG_GENERATE_SYMBOLS = YES;
				SWIFT_APPROACHABLE_CONCURRENCY = YES;
				SWIFT_DEFAULT_ACTOR_ISOLATION = MainActor;
				SWIFT_EMIT_LOC_STRINGS = YES;
				SWIFT_UPCOMING_FEATURE_MEMBER_IMPORT_VISIBILITY = YES;
				SWIFT_VERSION = 5.0;
				TARGETED_DEVICE_FAMILY = "1,2";
			};
			name = Debug;
		};
		4173886E2ECEAACE0080A934 /* Release */ = {
			isa = XCBuildConfiguration;
			buildSettings = {
				ASSETCATALOG_COMPILER_APPICON_NAME = AppIcon;
				ASSETCATALOG_COMPILER_GLOBAL_ACCENT_COLOR_NAME = AccentColor;
				CODE_SIGN_STYLE = Automatic;
				CURRENT_PROJECT_VERSION = 1;
				DEVELOPMENT_TEAM = US89XUAS2K;
				ENABLE_PREVIEWS = YES;
				GENERATE_INFOPLIST_FILE = YES;
				INFOPLIST_KEY_UIApplicationSceneManifest_Generation = YES;
				INFOPLIST_KEY_UIApplicationSupportsIndirectInputEvents = YES;
				INFOPLIST_KEY_UILaunchScreen_Generation = YES;
				INFOPLIST_KEY_UISupportedInterfaceOrientations_iPad = "UIInterfaceOrientationPortrait UIInterfaceOrientationPortraitUpsideDown UIInterfaceOrientationLandscapeLeft UIInterfaceOrientationLandscapeRight";
				INFOPLIST_KEY_UISupportedInterfaceOrientations_iPhone = "UIInterfaceOrientationPortrait UIInterfaceOrientationLandscapeLeft UIInterfaceOrientationLandscapeRight";
				LD_RUNPATH_SEARCH_PATHS = (
					"$(inherited)",
					"@executable_path/Frameworks",
				);
				MARKETING_VERSION = 1.0;
				PRODUCT_BUNDLE_IDENTIFIER = cipherApp.cipher;
				PRODUCT_NAME = "$(TARGET_NAME)";
				STRING_CATALOG_GENERATE_SYMBOLS = YES;
				SWIFT_APPROACHABLE_CONCURRENCY = YES;
				SWIFT_DEFAULT_ACTOR_ISOLATION = MainActor;
				SWIFT_EMIT_LOC_STRINGS = YES;
				SWIFT_UPCOMING_FEATURE_MEMBER_IMPORT_VISIBILITY = YES;
				SWIFT_VERSION = 5.0;
				TARGETED_DEVICE_FAMILY = "1,2";
			};
			name = Release;
		};
		417388702ECEAACE0080A934 /* Debug */ = {
			isa = XCBuildConfiguration;
			buildSettings = {
				BUNDLE_LOADER = "$(TEST_HOST)";
				CODE_SIGN_STYLE = Automatic;
				CURRENT_PROJECT_VERSION = 1;
				DEVELOPMENT_TEAM = US89XUAS2K;
				GENERATE_INFOPLIST_FILE = YES;
				IPHONEOS_DEPLOYMENT_TARGET = 26.0;
				MARKETING_VERSION = 1.0;
				PRODUCT_BUNDLE_IDENTIFIER = cipherApp.cipherTests;
				PRODUCT_NAME = "$(TARGET_NAME)";
				STRING_CATALOG_GENERATE_SYMBOLS = NO;
				SWIFT_APPROACHABLE_CONCURRENCY = YES;
				SWIFT_EMIT_LOC_STRINGS = NO;
				SWIFT_UPCOMING_FEATURE_MEMBER_IMPORT_VISIBILITY = YES;
				SWIFT_VERSION = 5.0;
				TARGETED_DEVICE_FAMILY = "1,2";
				TEST_HOST = "$(BUILT_PRODUCTS_DIR)/cipher.app/$(BUNDLE_EXECUTABLE_FOLDER_PATH)/cipher";
			};
			name = Debug;
		};
		417388712ECEAACE0080A934 /* Release */ = {
			isa = XCBuildConfiguration;
			buildSettings = {
				BUNDLE_LOADER = "$(TEST_HOST)";
				CODE_SIGN_STYLE = Automatic;
				CURRENT_PROJECT_VERSION = 1;
				DEVELOPMENT_TEAM = US89XUAS2K;
				GENERATE_INFOPLIST_FILE = YES;
				IPHONEOS_DEPLOYMENT_TARGET = 26.0;
				MARKETING_VERSION = 1.0;
				PRODUCT_BUNDLE_IDENTIFIER = cipherApp.cipherTests;
				PRODUCT_NAME = "$(TARGET_NAME)";
				STRING_CATALOG_GENERATE_SYMBOLS = NO;
				SWIFT_APPROACHABLE_CONCURRENCY = YES;
				SWIFT_EMIT_LOC_STRINGS = NO;
				SWIFT_UPCOMING_FEATURE_MEMBER_IMPORT_VISIBILITY = YES;
				SWIFT_VERSION = 5.0;
				TARGETED_DEVICE_FAMILY = "1,2";
				TEST_HOST = "$(BUILT_PRODUCTS_DIR)/cipher.app/$(BUNDLE_EXECUTABLE_FOLDER_PATH)/cipher";
			};
			name = Release;
		};
		417388732ECEAACE0080A934 /* Debug */ = {
			isa = XCBuildConfiguration;
			buildSettings = {
				CODE_SIGN_STYLE = Automatic;
				CURRENT_PROJECT_VERSION = 1;
				DEVELOPMENT_TEAM = US89XUAS2K;
				GENERATE_INFOPLIST_FILE = YES;
				MARKETING_VERSION = 1.0;
				PRODUCT_BUNDLE_IDENTIFIER = cipherApp.cipherUITests;
				PRODUCT_NAME = "$(TARGET_NAME)";
				STRING_CATALOG_GENERATE_SYMBOLS = NO;
				SWIFT_APPROACHABLE_CONCURRENCY = YES;
				SWIFT_EMIT_LOC_STRINGS = NO;
				SWIFT_UPCOMING_FEATURE_MEMBER_IMPORT_VISIBILITY = YES;
				SWIFT_VERSION = 5.0;
				TARGETED_DEVICE_FAMILY = "1,2";
				TEST_TARGET_NAME = cipher;
			};
			name = Debug;
		};
		417388742ECEAACE0080A934 /* Release */ = {
			isa = XCBuildConfiguration;
			buildSettings = {
				CODE_SIGN_STYLE = Automatic;
				CURRENT_PROJECT_VERSION = 1;
				DEVELOPMENT_TEAM = US89XUAS2K;
				GENERATE_INFOPLIST_FILE = YES;
				MARKETING_VERSION = 1.0;
				PRODUCT_BUNDLE_IDENTIFIER = cipherApp.cipherUITests;
				PRODUCT_NAME = "$(TARGET_NAME)";
				STRING_CATALOG_GENERATE_SYMBOLS = NO;
				SWIFT_APPROACHABLE_CONCURRENCY = YES;
				SWIFT_EMIT_LOC_STRINGS = NO;
				SWIFT_UPCOMING_FEATURE_MEMBER_IMPORT_VISIBILITY = YES;
				SWIFT_VERSION = 5.0;
				TARGETED_DEVICE_FAMILY = "1,2";
				TEST_TARGET_NAME = cipher;
			};
			name = Release;
		};
		4173888B2ECEAB6D0080A934 /* Debug */ = {
			isa = XCBuildConfiguration;
			buildSettings = {
				ASSETCATALOG_COMPILER_APPICON_NAME = "Messages Icon";
				CODE_SIGN_STYLE = Automatic;
				CURRENT_PROJECT_VERSION = 1;
				DEVELOPMENT_TEAM = US89XUAS2K;
				GENERATE_INFOPLIST_FILE = YES;
				INFOPLIST_FILE = cipherMessageExtension/Info.plist;
				INFOPLIST_KEY_CFBundleDisplayName = CipherMessage;
				INFOPLIST_KEY_NSHumanReadableCopyright = "";
				LD_RUNPATH_SEARCH_PATHS = (
					"$(inherited)",
					"@executable_path/Frameworks",
					"@executable_path/../../Frameworks",
				);
				MARKETING_VERSION = 1.0;
				PRODUCT_BUNDLE_IDENTIFIER = cipherApp.cipher.cipherMessageExtension;
				PRODUCT_NAME = "$(TARGET_NAME)";
				SKIP_INSTALL = YES;
				STRING_CATALOG_GENERATE_SYMBOLS = YES;
				SWIFT_APPROACHABLE_CONCURRENCY = YES;
				SWIFT_EMIT_LOC_STRINGS = YES;
				SWIFT_UPCOMING_FEATURE_MEMBER_IMPORT_VISIBILITY = YES;
				SWIFT_VERSION = 5.0;
				TARGETED_DEVICE_FAMILY = "1,2";
			};
			name = Debug;
		};
		4173888C2ECEAB6D0080A934 /* Release */ = {
			isa = XCBuildConfiguration;
			buildSettings = {
				ASSETCATALOG_COMPILER_APPICON_NAME = "Messages Icon";
				CODE_SIGN_STYLE = Automatic;
				CURRENT_PROJECT_VERSION = 1;
				DEVELOPMENT_TEAM = US89XUAS2K;
				GENERATE_INFOPLIST_FILE = YES;
				INFOPLIST_FILE = cipherMessageExtension/Info.plist;
				INFOPLIST_KEY_CFBundleDisplayName = CipherMessage;
				INFOPLIST_KEY_NSHumanReadableCopyright = "";
				LD_RUNPATH_SEARCH_PATHS = (
					"$(inherited)",
					"@executable_path/Frameworks",
					"@executable_path/../../Frameworks",
				);
				MARKETING_VERSION = 1.0;
				PRODUCT_BUNDLE_IDENTIFIER = cipherApp.cipher.cipherMessageExtension;
				PRODUCT_NAME = "$(TARGET_NAME)";
				SKIP_INSTALL = YES;
				STRING_CATALOG_GENERATE_SYMBOLS = YES;
				SWIFT_APPROACHABLE_CONCURRENCY = YES;
				SWIFT_EMIT_LOC_STRINGS = YES;
				SWIFT_UPCOMING_FEATURE_MEMBER_IMPORT_VISIBILITY = YES;
				SWIFT_VERSION = 5.0;
				TARGETED_DEVICE_FAMILY = "1,2";
			};
			name = Release;
		};
/* End XCBuildConfiguration section */

/* Begin XCConfigurationList section */
		417388462ECEAACD0080A934 /* Build configuration list for PBXProject "cipher" */ = {
			isa = XCConfigurationList;
			buildConfigurations = (
				4173886A2ECEAACE0080A934 /* Debug */,
				4173886B2ECEAACE0080A934 /* Release */,
			);
			defaultConfigurationIsVisible = 0;
			defaultConfigurationName = Release;
		};
		4173886C2ECEAACE0080A934 /* Build configuration list for PBXNativeTarget "cipher" */ = {
			isa = XCConfigurationList;
			buildConfigurations = (
				4173886D2ECEAACE0080A934 /* Debug */,
				4173886E2ECEAACE0080A934 /* Release */,
			);
			defaultConfigurationIsVisible = 0;
			defaultConfigurationName = Release;
		};
		4173886F2ECEAACE0080A934 /* Build configuration list for PBXNativeTarget "cipherTests" */ = {
			isa = XCConfigurationList;
			buildConfigurations = (
				417388702ECEAACE0080A934 /* Debug */,
				417388712ECEAACE0080A934 /* Release */,
			);
			defaultConfigurationIsVisible = 0;
			defaultConfigurationName = Release;
		};
		417388722ECEAACE0080A934 /* Build configuration list for PBXNativeTarget "cipherUITests" */ = {
			isa = XCConfigurationList;
			buildConfigurations = (
				417388732ECEAACE0080A934 /* Debug */,
				417388742ECEAACE0080A934 /* Release */,
			);
			defaultConfigurationIsVisible = 0;
			defaultConfigurationName = Release;
		};
		4173888A2ECEAB6D0080A934 /* Build configuration list for PBXNativeTarget "cipherMessageExtension" */ = {
			isa = XCConfigurationList;
			buildConfigurations = (
				4173888B2ECEAB6D0080A934 /* Debug */,
				4173888C2ECEAB6D0080A934 /* Release */,
			);
			defaultConfigurationIsVisible = 0;
			defaultConfigurationName = Release;
		};
/* End XCConfigurationList section */
	};
	rootObject = 417388432ECEAACD0080A934 /* Project object */;
}
